
Microsoft Visual Studio Solution File, Format Version 12.00
# Visual Studio Version 17
VisualStudioVersion = 17.7.34018.315
MinimumVisualStudioVersion = 10.0.40219.1
Project("{FAE04EC0-301F-11D3-BF4B-00C04F79EFBC}") = "ProjectA", "ProjectA\ProjectA.csproj", "{80D767E5-100F-4DF4-A073-B5E4A443243B}"
EndProject
Project("{FAE04EC0-301F-11D3-BF4B-00C04F79EFBC}") = "ProjectB", "ProjectB\ProjectB.csproj", "{F91A344C-0A6E-44DC-862E-85B078B29557}"
EndProject
Project("{FAE04EC0-301F-11D3-BF4B-00C04F79EFBC}") = "ProjectC", "ProjectC\ProjectC.csproj", "{43FC1430-5AB0-4E50-98AF-303F97E4ACEF}"
EndProject
Global
	GlobalSection(SolutionConfigurationPlatforms) = preSolution
		Debug|Any CPU = Debug|Any CPU
		Release|Any CPU = Release|Any CPU
	EndGlobalSection
	GlobalSection(ProjectConfigurationPlatforms) = postSolution
		{80D767E5-100F-4DF4-A073-B5E4A443243B}.Debug|Any CPU.ActiveCfg = Debug|Any CPU
		{80D767E5-100F-4DF4-A073-B5E4A443243B}.Debug|Any CPU.Build.0 = Debug|Any CPU
		{80D767E5-100F-4DF4-A073-B5E4A443243B}.Release|Any CPU.ActiveCfg = Release|Any CPU
		{80D767E5-100F-4DF4-A073-B5E4A443243B}.Release|Any CPU.Build.0 = Release|Any CPU
		{F91A344C-0A6E-44DC-862E-85B078B29557}.Debug|Any CPU.ActiveCfg = Debug|Any CPU
		{F91A344C-0A6E-44DC-862E-85B078B29557}.Debug|Any CPU.Build.0 = Debug|Any CPU
		{F91A344C-0A6E-44DC-862E-85B078B29557}.Release|Any CPU.ActiveCfg = Release|Any CPU
		{F91A344C-0A6E-44DC-862E-85B078B29557}.Release|Any CPU.Build.0 = Release|Any CPU
		{43FC1430-5AB0-4E50-98AF-303F97E4ACEF}.Debug|Any CPU.ActiveCfg = Debug|Any CPU
		{43FC1430-5AB0-4E50-98AF-303F97E4ACEF}.Debug|Any CPU.Build.0 = Debug|Any CPU
		{43FC1430-5AB0-4E50-98AF-303F97E4ACEF}.Release|Any CPU.ActiveCfg = Release|Any CPU
		{43FC1430-5AB0-4E50-98AF-303F97E4ACEF}.Release|Any CPU.Build.0 = Release|Any CPU
	EndGlobalSection
	GlobalSection(SolutionProperties) = preSolution
		HideSolutionNode = FALSE
	EndGlobalSection
	GlobalSection(ExtensibilityGlobals) = postSolution
		SolutionGuid = {FFA337BC-B366-462D-9C33-BC38D776A45E}
	EndGlobalSection
EndGlobal
